{
  "version": 1,
  "dependencies": {
    "net8.0-windows7.0": {
      "DalamudPackager": {
        "type": "Direct",
        "requested": "[11.0.0, )",
        "resolved": "11.0.0",
        "contentHash": "bjT7XUlhIJSmsE/O76b7weUX+evvGQctbQB8aKXt94o+oPWxHpCepxAGMs7Thow3AzCyqWs7cOpp9/2wcgRRQA=="
      },
      "Lumina": {
        "type": "Transitive",
        "resolved": "5.4.0",
        "contentHash": "WRAxXQ7PZDJSjnM9hP2NI7oI8ro8B6brju6Qy4A7TW935mhSf9sXhK9O1Dr4nbCj5YPp7s7kveocsGqP6nus5Q==",
        "dependencies": {
          "Microsoft.Extensions.ObjectPool": "8.0.7"
        }
      },
      "Lumina.Excel": {
        "type": "Transitive",
        "resolved": "7.1.2",
        "contentHash": "6FLmGfQXDVKUoDjG83df9Mmcq0cRez1bqXaLiByY+rp6x3MoQjvuSpr2p3DF4Hte+L6iDXCYTjwQM2DoQfBXMg==",
        "dependencies": {
          "Lumina": "5.4.0"
        }
      },
      "Microsoft.Extensions.ObjectPool": {
        "type": "Transitive",
        "resolved": "8.0.7",
        "contentHash": "2yLweyqmpuuFSRo+I3sLHMxmnAgNcI537kBJiyv49U2ZEqo00jZcG8lrnD8uCiOJp9IklYyTZULtbsXoFVzsjQ=="
      },
      "Pidgin": {
        "type": "Transitive",
        "resolved": "3.2.1",
        "contentHash": "Jl7OaTEcyMxh4bCLTyh8Tnk0Efwd4hIYvszaLkFhU6oDIa7rdZF1s9f1MAvC4xyevzGwR8ZmVTQwoDyih6/66A=="
      },
      "sourcegenerator": {
        "type": "Project",
        "dependencies": {
          "Lumina": "[5.4.0, )",
          "Lumina.Excel": "[7.1.2, )",
          "Pidgin": "[3.2.1, )"
        }
      }
    }
  }
}